
Microsoft Visual Studio Solution File, Format Version 12.00
# Visual Studio 2013
Project("{FAE04EC0-301F-11D3-BF4B-00C04F79EFBC}") = "UnityVS.VR_UITest.CSharp", "UnityVS.VR_UITest.CSharp.csproj", "{766E1D03-B262-C1C5-4A2D-7056985484E3}"
EndProject
Project("{FAE04EC0-301F-11D3-BF4B-00C04F79EFBC}") = "UnityVS.VR_UITest.CSharp.Editor", "UnityVS.VR_UITest.CSharp.Editor.csproj", "{FFA0E328-C213-2A54-DC30-1D06AF0301D1}"
EndProject
Global
	GlobalSection(SolutionConfigurationPlatforms) = preSolution
		Debug|Any CPU = Debug|Any CPU
		Release|Any CPU = Release|Any CPU
	EndGlobalSection
	GlobalSection(ProjectConfigurationPlatforms) = postSolution
		{766E1D03-B262-C1C5-4A2D-7056985484E3}.Debug|Any CPU.ActiveCfg = Debug|Any CPU
		{766E1D03-B262-C1C5-4A2D-7056985484E3}.Debug|Any CPU.Build.0 = Debug|Any CPU
		{766E1D03-B262-C1C5-4A2D-7056985484E3}.Release|Any CPU.ActiveCfg = Release|Any CPU
		{766E1D03-B262-C1C5-4A2D-7056985484E3}.Release|Any CPU.Build.0 = Release|Any CPU
		{FFA0E328-C213-2A54-DC30-1D06AF0301D1}.Debug|Any CPU.ActiveCfg = Debug|Any CPU
		{FFA0E328-C213-2A54-DC30-1D06AF0301D1}.Debug|Any CPU.Build.0 = Debug|Any CPU
		{FFA0E328-C213-2A54-DC30-1D06AF0301D1}.Release|Any CPU.ActiveCfg = Release|Any CPU
		{FFA0E328-C213-2A54-DC30-1D06AF0301D1}.Release|Any CPU.Build.0 = Release|Any CPU
	EndGlobalSection
	GlobalSection(SolutionProperties) = preSolution
		HideSolutionNode = FALSE
	EndGlobalSection
EndGlobal
